
Microsoft Visual Studio Solution File, Format Version 12.00
# Visual Studio 2012
Project("{FAE04EC0-301F-11D3-BF4B-00C04F79EFBC}") = "firstApp", "firstApp\firstApp.csproj", "{80548E5D-3FA1-41B0-A1FE-B5B75AF5348D}"
EndProject
Global
	GlobalSection(SolutionConfigurationPlatforms) = preSolution
		Debug|Any CPU = Debug|Any CPU
		Release|Any CPU = Release|Any CPU
	EndGlobalSection
	GlobalSection(ProjectConfigurationPlatforms) = postSolution
		{80548E5D-3FA1-41B0-A1FE-B5B75AF5348D}.Debug|Any CPU.ActiveCfg = Debug|Any CPU
		{80548E5D-3FA1-41B0-A1FE-B5B75AF5348D}.Debug|Any CPU.Build.0 = Debug|Any CPU
		{80548E5D-3FA1-41B0-A1FE-B5B75AF5348D}.Release|Any CPU.ActiveCfg = Release|Any CPU
		{80548E5D-3FA1-41B0-A1FE-B5B75AF5348D}.Release|Any CPU.Build.0 = Release|Any CPU
	EndGlobalSection
	GlobalSection(SolutionProperties) = preSolution
		HideSolutionNode = FALSE
	EndGlobalSection
EndGlobal
